
Microsoft Visual Studio Solution File, Format Version 12.00
# Visual Studio 14
VisualStudioVersion = 14.0.25420.1
MinimumVisualStudioVersion = 10.0.40219.1
Project("{8BC9CEB8-8B4A-11D0-8D11-00A0C91BC942}") = "Framework", "Framework\Framework.vcxproj", "{B6CE35D6-A200-4F44-B5C7-851F1EE840E2}"
	ProjectSection(ProjectDependencies) = postProject
		{F00A4A5A-57C0-4F83-8B79-BFE5C89BDDFE} = {F00A4A5A-57C0-4F83-8B79-BFE5C89BDDFE}
	EndProjectSection
EndProject
Project("{8BC9CEB8-8B4A-11D0-8D11-00A0C91BC942}") = "DXApp", "DXApp\DXApp.vcxproj", "{D57558FB-DEFE-4634-9579-BB6C619F05F0}"
	ProjectSection(ProjectDependencies) = postProject
		{B6CE35D6-A200-4F44-B5C7-851F1EE840E2} = {B6CE35D6-A200-4F44-B5C7-851F1EE840E2}
	EndProjectSection
EndProject
Project("{FAE04EC0-301F-11D3-BF4B-00C04F79EFBC}") = "Script", "Script\Script.csproj", "{F00A4A5A-57C0-4F83-8B79-BFE5C89BDDFE}"
EndProject
Global
	GlobalSection(SolutionConfigurationPlatforms) = preSolution
		Debug|Any CPU = Debug|Any CPU
		Debug|x64 = Debug|x64
		Debug|x86 = Debug|x86
		Medium|Any CPU = Medium|Any CPU
		Medium|x64 = Medium|x64
		Medium|x86 = Medium|x86
		Release|Any CPU = Release|Any CPU
		Release|x64 = Release|x64
		Release|x86 = Release|x86
	EndGlobalSection
	GlobalSection(ProjectConfigurationPlatforms) = postSolution
		{B6CE35D6-A200-4F44-B5C7-851F1EE840E2}.Debug|Any CPU.ActiveCfg = Debug|Win32
		{B6CE35D6-A200-4F44-B5C7-851F1EE840E2}.Debug|x64.ActiveCfg = Debug|x64
		{B6CE35D6-A200-4F44-B5C7-851F1EE840E2}.Debug|x64.Build.0 = Debug|x64
		{B6CE35D6-A200-4F44-B5C7-851F1EE840E2}.Debug|x86.ActiveCfg = Debug|Win32
		{B6CE35D6-A200-4F44-B5C7-851F1EE840E2}.Debug|x86.Build.0 = Debug|Win32
		{B6CE35D6-A200-4F44-B5C7-851F1EE840E2}.Debug|x86.Deploy.0 = Debug|Win32
		{B6CE35D6-A200-4F44-B5C7-851F1EE840E2}.Medium|Any CPU.ActiveCfg = Medium|Win32
		{B6CE35D6-A200-4F44-B5C7-851F1EE840E2}.Medium|x64.ActiveCfg = Medium|x64
		{B6CE35D6-A200-4F44-B5C7-851F1EE840E2}.Medium|x64.Build.0 = Medium|x64
		{B6CE35D6-A200-4F44-B5C7-851F1EE840E2}.Medium|x86.ActiveCfg = Medium|Win32
		{B6CE35D6-A200-4F44-B5C7-851F1EE840E2}.Medium|x86.Build.0 = Medium|Win32
		{B6CE35D6-A200-4F44-B5C7-851F1EE840E2}.Release|Any CPU.ActiveCfg = Release|Win32
		{B6CE35D6-A200-4F44-B5C7-851F1EE840E2}.Release|x64.ActiveCfg = Release|x64
		{B6CE35D6-A200-4F44-B5C7-851F1EE840E2}.Release|x64.Build.0 = Release|x64
		{B6CE35D6-A200-4F44-B5C7-851F1EE840E2}.Release|x86.ActiveCfg = Release|Win32
		{B6CE35D6-A200-4F44-B5C7-851F1EE840E2}.Release|x86.Build.0 = Release|Win32
		{D57558FB-DEFE-4634-9579-BB6C619F05F0}.Debug|Any CPU.ActiveCfg = Debug|Win32
		{D57558FB-DEFE-4634-9579-BB6C619F05F0}.Debug|x64.ActiveCfg = Debug|x64
		{D57558FB-DEFE-4634-9579-BB6C619F05F0}.Debug|x64.Build.0 = Debug|x64
		{D57558FB-DEFE-4634-9579-BB6C619F05F0}.Debug|x86.ActiveCfg = Debug|Win32
		{D57558FB-DEFE-4634-9579-BB6C619F05F0}.Debug|x86.Build.0 = Debug|Win32
		{D57558FB-DEFE-4634-9579-BB6C619F05F0}.Debug|x86.Deploy.0 = Debug|Win32
		{D57558FB-DEFE-4634-9579-BB6C619F05F0}.Medium|Any CPU.ActiveCfg = Medium|Win32
		{D57558FB-DEFE-4634-9579-BB6C619F05F0}.Medium|x64.ActiveCfg = Medium|x64
		{D57558FB-DEFE-4634-9579-BB6C619F05F0}.Medium|x64.Build.0 = Medium|x64
		{D57558FB-DEFE-4634-9579-BB6C619F05F0}.Medium|x86.ActiveCfg = Medium|Win32
		{D57558FB-DEFE-4634-9579-BB6C619F05F0}.Medium|x86.Build.0 = Medium|Win32
		{D57558FB-DEFE-4634-9579-BB6C619F05F0}.Release|Any CPU.ActiveCfg = Release|Win32
		{D57558FB-DEFE-4634-9579-BB6C619F05F0}.Release|x64.ActiveCfg = Release|x64
		{D57558FB-DEFE-4634-9579-BB6C619F05F0}.Release|x64.Build.0 = Release|x64
		{D57558FB-DEFE-4634-9579-BB6C619F05F0}.Release|x86.ActiveCfg = Release|Win32
		{D57558FB-DEFE-4634-9579-BB6C619F05F0}.Release|x86.Build.0 = Release|Win32
		{F00A4A5A-57C0-4F83-8B79-BFE5C89BDDFE}.Debug|Any CPU.ActiveCfg = Debug|Any CPU
		{F00A4A5A-57C0-4F83-8B79-BFE5C89BDDFE}.Debug|Any CPU.Build.0 = Debug|Any CPU
		{F00A4A5A-57C0-4F83-8B79-BFE5C89BDDFE}.Debug|x64.ActiveCfg = Debug|Any CPU
		{F00A4A5A-57C0-4F83-8B79-BFE5C89BDDFE}.Debug|x64.Build.0 = Debug|Any CPU
		{F00A4A5A-57C0-4F83-8B79-BFE5C89BDDFE}.Debug|x86.ActiveCfg = Debug|Any CPU
		{F00A4A5A-57C0-4F83-8B79-BFE5C89BDDFE}.Debug|x86.Build.0 = Debug|Any CPU
		{F00A4A5A-57C0-4F83-8B79-BFE5C89BDDFE}.Medium|Any CPU.ActiveCfg = Release|Any CPU
		{F00A4A5A-57C0-4F83-8B79-BFE5C89BDDFE}.Medium|Any CPU.Build.0 = Release|Any CPU
		{F00A4A5A-57C0-4F83-8B79-BFE5C89BDDFE}.Medium|x64.ActiveCfg = Release|Any CPU
		{F00A4A5A-57C0-4F83-8B79-BFE5C89BDDFE}.Medium|x64.Build.0 = Release|Any CPU
		{F00A4A5A-57C0-4F83-8B79-BFE5C89BDDFE}.Medium|x86.ActiveCfg = Release|Any CPU
		{F00A4A5A-57C0-4F83-8B79-BFE5C89BDDFE}.Medium|x86.Build.0 = Release|Any CPU
		{F00A4A5A-57C0-4F83-8B79-BFE5C89BDDFE}.Release|Any CPU.ActiveCfg = Release|Any CPU
		{F00A4A5A-57C0-4F83-8B79-BFE5C89BDDFE}.Release|Any CPU.Build.0 = Release|Any CPU
		{F00A4A5A-57C0-4F83-8B79-BFE5C89BDDFE}.Release|x64.ActiveCfg = Release|Any CPU
		{F00A4A5A-57C0-4F83-8B79-BFE5C89BDDFE}.Release|x64.Build.0 = Release|Any CPU
		{F00A4A5A-57C0-4F83-8B79-BFE5C89BDDFE}.Release|x86.ActiveCfg = Release|Any CPU
		{F00A4A5A-57C0-4F83-8B79-BFE5C89BDDFE}.Release|x86.Build.0 = Release|Any CPU
	EndGlobalSection
	GlobalSection(SolutionProperties) = preSolution
		HideSolutionNode = FALSE
	EndGlobalSection
EndGlobal
